
Microsoft Visual Studio Solution File, Format Version 12.00
# Visual Studio 15
VisualStudioVersion = 15.0.27428.2037
MinimumVisualStudioVersion = 10.0.40219.1
Project("{FAE04EC0-301F-11D3-BF4B-00C04F79EFBC}") = "AppInicialPrism", "AppInicialPrism\AppInicialPrism\AppInicialPrism.csproj", "{E591ADB5-E6AC-49E5-BAC7-C48B15BACBB2}"
EndProject
Project("{FAE04EC0-301F-11D3-BF4B-00C04F79EFBC}") = "AppInicialPrism.Android", "AppInicialPrism\AppInicialPrism.Android\AppInicialPrism.Android.csproj", "{DD99BADD-15FE-4A81-8EBD-252FC007E64E}"
EndProject
Project("{FAE04EC0-301F-11D3-BF4B-00C04F79EFBC}") = "AppInicialPrism.iOS", "AppInicialPrism\AppInicialPrism.iOS\AppInicialPrism.iOS.csproj", "{A1B8577E-54E9-40CD-A16C-8C1C03BA196B}"
EndProject
Global
	GlobalSection(SolutionConfigurationPlatforms) = preSolution
		Ad-Hoc|Any CPU = Ad-Hoc|Any CPU
		Ad-Hoc|iPhone = Ad-Hoc|iPhone
		Ad-Hoc|iPhoneSimulator = Ad-Hoc|iPhoneSimulator
		AppStore|Any CPU = AppStore|Any CPU
		AppStore|iPhone = AppStore|iPhone
		AppStore|iPhoneSimulator = AppStore|iPhoneSimulator
		Debug|Any CPU = Debug|Any CPU
		Debug|iPhone = Debug|iPhone
		Debug|iPhoneSimulator = Debug|iPhoneSimulator
		Release|Any CPU = Release|Any CPU
		Release|iPhone = Release|iPhone
		Release|iPhoneSimulator = Release|iPhoneSimulator
	EndGlobalSection
	GlobalSection(ProjectConfigurationPlatforms) = postSolution
		{E591ADB5-E6AC-49E5-BAC7-C48B15BACBB2}.Ad-Hoc|Any CPU.ActiveCfg = Debug|Any CPU
		{E591ADB5-E6AC-49E5-BAC7-C48B15BACBB2}.Ad-Hoc|Any CPU.Build.0 = Debug|Any CPU
		{E591ADB5-E6AC-49E5-BAC7-C48B15BACBB2}.Ad-Hoc|iPhone.ActiveCfg = Debug|Any CPU
		{E591ADB5-E6AC-49E5-BAC7-C48B15BACBB2}.Ad-Hoc|iPhone.Build.0 = Debug|Any CPU
		{E591ADB5-E6AC-49E5-BAC7-C48B15BACBB2}.Ad-Hoc|iPhoneSimulator.ActiveCfg = Debug|Any CPU
		{E591ADB5-E6AC-49E5-BAC7-C48B15BACBB2}.Ad-Hoc|iPhoneSimulator.Build.0 = Debug|Any CPU
		{E591ADB5-E6AC-49E5-BAC7-C48B15BACBB2}.AppStore|Any CPU.ActiveCfg = Debug|Any CPU
		{E591ADB5-E6AC-49E5-BAC7-C48B15BACBB2}.AppStore|Any CPU.Build.0 = Debug|Any CPU
		{E591ADB5-E6AC-49E5-BAC7-C48B15BACBB2}.AppStore|iPhone.ActiveCfg = Debug|Any CPU
		{E591ADB5-E6AC-49E5-BAC7-C48B15BACBB2}.AppStore|iPhone.Build.0 = Debug|Any CPU
		{E591ADB5-E6AC-49E5-BAC7-C48B15BACBB2}.AppStore|iPhoneSimulator.ActiveCfg = Debug|Any CPU
		{E591ADB5-E6AC-49E5-BAC7-C48B15BACBB2}.AppStore|iPhoneSimulator.Build.0 = Debug|Any CPU
		{E591ADB5-E6AC-49E5-BAC7-C48B15BACBB2}.Debug|Any CPU.ActiveCfg = Debug|Any CPU
		{E591ADB5-E6AC-49E5-BAC7-C48B15BACBB2}.Debug|Any CPU.Build.0 = Debug|Any CPU
		{E591ADB5-E6AC-49E5-BAC7-C48B15BACBB2}.Debug|iPhone.ActiveCfg = Debug|Any CPU
		{E591ADB5-E6AC-49E5-BAC7-C48B15BACBB2}.Debug|iPhone.Build.0 = Debug|Any CPU
		{E591ADB5-E6AC-49E5-BAC7-C48B15BACBB2}.Debug|iPhoneSimulator.ActiveCfg = Debug|Any CPU
		{E591ADB5-E6AC-49E5-BAC7-C48B15BACBB2}.Debug|iPhoneSimulator.Build.0 = Debug|Any CPU
		{E591ADB5-E6AC-49E5-BAC7-C48B15BACBB2}.Release|Any CPU.ActiveCfg = Release|Any CPU
		{E591ADB5-E6AC-49E5-BAC7-C48B15BACBB2}.Release|Any CPU.Build.0 = Release|Any CPU
		{E591ADB5-E6AC-49E5-BAC7-C48B15BACBB2}.Release|iPhone.ActiveCfg = Release|Any CPU
		{E591ADB5-E6AC-49E5-BAC7-C48B15BACBB2}.Release|iPhone.Build.0 = Release|Any CPU
		{E591ADB5-E6AC-49E5-BAC7-C48B15BACBB2}.Release|iPhoneSimulator.ActiveCfg = Release|Any CPU
		{E591ADB5-E6AC-49E5-BAC7-C48B15BACBB2}.Release|iPhoneSimulator.Build.0 = Release|Any CPU
		{DD99BADD-15FE-4A81-8EBD-252FC007E64E}.Ad-Hoc|Any CPU.ActiveCfg = Release|Any CPU
		{DD99BADD-15FE-4A81-8EBD-252FC007E64E}.Ad-Hoc|Any CPU.Build.0 = Release|Any CPU
		{DD99BADD-15FE-4A81-8EBD-252FC007E64E}.Ad-Hoc|Any CPU.Deploy.0 = Release|Any CPU
		{DD99BADD-15FE-4A81-8EBD-252FC007E64E}.Ad-Hoc|iPhone.ActiveCfg = Release|Any CPU
		{DD99BADD-15FE-4A81-8EBD-252FC007E64E}.Ad-Hoc|iPhone.Build.0 = Release|Any CPU
		{DD99BADD-15FE-4A81-8EBD-252FC007E64E}.Ad-Hoc|iPhone.Deploy.0 = Release|Any CPU
		{DD99BADD-15FE-4A81-8EBD-252FC007E64E}.Ad-Hoc|iPhoneSimulator.ActiveCfg = Release|Any CPU
		{DD99BADD-15FE-4A81-8EBD-252FC007E64E}.Ad-Hoc|iPhoneSimulator.Build.0 = Release|Any CPU
		{DD99BADD-15FE-4A81-8EBD-252FC007E64E}.Ad-Hoc|iPhoneSimulator.Deploy.0 = Release|Any CPU
		{DD99BADD-15FE-4A81-8EBD-252FC007E64E}.AppStore|Any CPU.ActiveCfg = Release|Any CPU
		{DD99BADD-15FE-4A81-8EBD-252FC007E64E}.AppStore|Any CPU.Build.0 = Release|Any CPU
		{DD99BADD-15FE-4A81-8EBD-252FC007E64E}.AppStore|Any CPU.Deploy.0 = Release|Any CPU
		{DD99BADD-15FE-4A81-8EBD-252FC007E64E}.AppStore|iPhone.ActiveCfg = Release|Any CPU
		{DD99BADD-15FE-4A81-8EBD-252FC007E64E}.AppStore|iPhone.Build.0 = Release|Any CPU
		{DD99BADD-15FE-4A81-8EBD-252FC007E64E}.AppStore|iPhone.Deploy.0 = Release|Any CPU
		{DD99BADD-15FE-4A81-8EBD-252FC007E64E}.AppStore|iPhoneSimulator.ActiveCfg = Release|Any CPU
		{DD99BADD-15FE-4A81-8EBD-252FC007E64E}.AppStore|iPhoneSimulator.Build.0 = Release|Any CPU
		{DD99BADD-15FE-4A81-8EBD-252FC007E64E}.AppStore|iPhoneSimulator.Deploy.0 = Release|Any CPU
		{DD99BADD-15FE-4A81-8EBD-252FC007E64E}.Debug|Any CPU.ActiveCfg = Debug|Any CPU
		{DD99BADD-15FE-4A81-8EBD-252FC007E64E}.Debug|Any CPU.Build.0 = Debug|Any CPU
		{DD99BADD-15FE-4A81-8EBD-252FC007E64E}.Debug|Any CPU.Deploy.0 = Debug|Any CPU
		{DD99BADD-15FE-4A81-8EBD-252FC007E64E}.Debug|iPhone.ActiveCfg = Debug|Any CPU
		{DD99BADD-15FE-4A81-8EBD-252FC007E64E}.Debug|iPhone.Build.0 = Debug|Any CPU
		{DD99BADD-15FE-4A81-8EBD-252FC007E64E}.Debug|iPhone.Deploy.0 = Debug|Any CPU
		{DD99BADD-15FE-4A81-8EBD-252FC007E64E}.Debug|iPhoneSimulator.ActiveCfg = Debug|Any CPU
		{DD99BADD-15FE-4A81-8EBD-252FC007E64E}.Debug|iPhoneSimulator.Build.0 = Debug|Any CPU
		{DD99BADD-15FE-4A81-8EBD-252FC007E64E}.Debug|iPhoneSimulator.Deploy.0 = Debug|Any CPU
		{DD99BADD-15FE-4A81-8EBD-252FC007E64E}.Release|Any CPU.ActiveCfg = Release|Any CPU
		{DD99BADD-15FE-4A81-8EBD-252FC007E64E}.Release|Any CPU.Build.0 = Release|Any CPU
		{DD99BADD-15FE-4A81-8EBD-252FC007E64E}.Release|Any CPU.Deploy.0 = Release|Any CPU
		{DD99BADD-15FE-4A81-8EBD-252FC007E64E}.Release|iPhone.ActiveCfg = Release|Any CPU
		{DD99BADD-15FE-4A81-8EBD-252FC007E64E}.Release|iPhone.Build.0 = Release|Any CPU
		{DD99BADD-15FE-4A81-8EBD-252FC007E64E}.Release|iPhone.Deploy.0 = Release|Any CPU
		{DD99BADD-15FE-4A81-8EBD-252FC007E64E}.Release|iPhoneSimulator.ActiveCfg = Release|Any CPU
		{DD99BADD-15FE-4A81-8EBD-252FC007E64E}.Release|iPhoneSimulator.Build.0 = Release|Any CPU
		{DD99BADD-15FE-4A81-8EBD-252FC007E64E}.Release|iPhoneSimulator.Deploy.0 = Release|Any CPU
		{A1B8577E-54E9-40CD-A16C-8C1C03BA196B}.Ad-Hoc|Any CPU.ActiveCfg = Ad-Hoc|iPhone
		{A1B8577E-54E9-40CD-A16C-8C1C03BA196B}.Ad-Hoc|iPhone.ActiveCfg = Ad-Hoc|iPhone
		{A1B8577E-54E9-40CD-A16C-8C1C03BA196B}.Ad-Hoc|iPhone.Build.0 = Ad-Hoc|iPhone
		{A1B8577E-54E9-40CD-A16C-8C1C03BA196B}.Ad-Hoc|iPhoneSimulator.ActiveCfg = Ad-Hoc|iPhoneSimulator
		{A1B8577E-54E9-40CD-A16C-8C1C03BA196B}.Ad-Hoc|iPhoneSimulator.Build.0 = Ad-Hoc|iPhoneSimulator
		{A1B8577E-54E9-40CD-A16C-8C1C03BA196B}.AppStore|Any CPU.ActiveCfg = AppStore|iPhone
		{A1B8577E-54E9-40CD-A16C-8C1C03BA196B}.AppStore|iPhone.ActiveCfg = AppStore|iPhone
		{A1B8577E-54E9-40CD-A16C-8C1C03BA196B}.AppStore|iPhone.Build.0 = AppStore|iPhone
		{A1B8577E-54E9-40CD-A16C-8C1C03BA196B}.AppStore|iPhoneSimulator.ActiveCfg = AppStore|iPhoneSimulator
		{A1B8577E-54E9-40CD-A16C-8C1C03BA196B}.AppStore|iPhoneSimulator.Build.0 = AppStore|iPhoneSimulator
		{A1B8577E-54E9-40CD-A16C-8C1C03BA196B}.Debug|Any CPU.ActiveCfg = Debug|iPhone
		{A1B8577E-54E9-40CD-A16C-8C1C03BA196B}.Debug|iPhone.ActiveCfg = Debug|iPhone
		{A1B8577E-54E9-40CD-A16C-8C1C03BA196B}.Debug|iPhone.Build.0 = Debug|iPhone
		{A1B8577E-54E9-40CD-A16C-8C1C03BA196B}.Debug|iPhoneSimulator.ActiveCfg = Debug|iPhoneSimulator
		{A1B8577E-54E9-40CD-A16C-8C1C03BA196B}.Debug|iPhoneSimulator.Build.0 = Debug|iPhoneSimulator
		{A1B8577E-54E9-40CD-A16C-8C1C03BA196B}.Release|Any CPU.ActiveCfg = Release|iPhone
		{A1B8577E-54E9-40CD-A16C-8C1C03BA196B}.Release|iPhone.ActiveCfg = Release|iPhone
		{A1B8577E-54E9-40CD-A16C-8C1C03BA196B}.Release|iPhone.Build.0 = Release|iPhone
		{A1B8577E-54E9-40CD-A16C-8C1C03BA196B}.Release|iPhoneSimulator.ActiveCfg = Release|iPhoneSimulator
		{A1B8577E-54E9-40CD-A16C-8C1C03BA196B}.Release|iPhoneSimulator.Build.0 = Release|iPhoneSimulator
	EndGlobalSection
	GlobalSection(SolutionProperties) = preSolution
		HideSolutionNode = FALSE
	EndGlobalSection
	GlobalSection(ExtensibilityGlobals) = postSolution
		SolutionGuid = {EC3F34E4-BAF2-41A7-B16E-EDB7523E4DCB}
	EndGlobalSection
EndGlobal
